PODS:
  - Expecta (0.3.1)
  - NNYMobClient (0.1.0)
  - Specta (0.2.1)

DEPENDENCIES:
  - Expecta
  - NNYMobClient (from `../`)
  - Specta (~> 0.2.1)

EXTERNAL SOURCES:
  NNYMobClient:
    :path: ../

SPEC CHECKSUMS:
  Expecta: 03aabd0a89d8dea843baecb19a7fd7466a69a31d
  NNYMobClient: 22515bf0ec5a57fe070ce68c88703f98d8f7b580
  Specta: 9141310f46b1f68b676650ff2854e1ed0b74163a

COCOAPODS: 0.34.4
